
Microsoft Visual Studio Solution File, Format Version 11.00
# Visual Studio 2010
Project("{8BC9CEB8-8B4A-11D0-8D11-00A0C91BC942}") = "sskeleton", "sskeleton\sskeleton.vcxproj", "{632A664B-47E2-41FA-8466-D8462B567B7F}"
	ProjectSection(ProjectDependencies) = postProject
		{206FA718-AA78-48DC-9B71-AB145FA18BF3} = {206FA718-AA78-48DC-9B71-AB145FA18BF3}
		{10B810B6-2D0F-4544-A643-591A3DC51E9F} = {10B810B6-2D0F-4544-A643-591A3DC51E9F}
	EndProjectSection
EndProject
Project("{8BC9CEB8-8B4A-11D0-8D11-00A0C91BC942}") = "ethanmlib", "ethanmlib\ethanmlib.vcxproj", "{206FA718-AA78-48DC-9B71-AB145FA18BF3}"
EndProject
Project("{8BC9CEB8-8B4A-11D0-8D11-00A0C91BC942}") = "sslib", "sslib\sslib.vcxproj", "{10B810B6-2D0F-4544-A643-591A3DC51E9F}"
	ProjectSection(ProjectDependencies) = postProject
		{206FA718-AA78-48DC-9B71-AB145FA18BF3} = {206FA718-AA78-48DC-9B71-AB145FA18BF3}
	EndProjectSection
EndProject
Global
	GlobalSection(SolutionConfigurationPlatforms) = preSolution
		Debug|Win32 = Debug|Win32
		Release|Win32 = Release|Win32
	EndGlobalSection
	GlobalSection(ProjectConfigurationPlatforms) = postSolution
		{632A664B-47E2-41FA-8466-D8462B567B7F}.Debug|Win32.ActiveCfg = Debug|Win32
		{632A664B-47E2-41FA-8466-D8462B567B7F}.Debug|Win32.Build.0 = Debug|Win32
		{632A664B-47E2-41FA-8466-D8462B567B7F}.Release|Win32.ActiveCfg = Release|Win32
		{632A664B-47E2-41FA-8466-D8462B567B7F}.Release|Win32.Build.0 = Release|Win32
		{206FA718-AA78-48DC-9B71-AB145FA18BF3}.Debug|Win32.ActiveCfg = Debug|Win32
		{206FA718-AA78-48DC-9B71-AB145FA18BF3}.Debug|Win32.Build.0 = Debug|Win32
		{206FA718-AA78-48DC-9B71-AB145FA18BF3}.Release|Win32.ActiveCfg = Release|Win32
		{206FA718-AA78-48DC-9B71-AB145FA18BF3}.Release|Win32.Build.0 = Release|Win32
		{10B810B6-2D0F-4544-A643-591A3DC51E9F}.Debug|Win32.ActiveCfg = Debug|Win32
		{10B810B6-2D0F-4544-A643-591A3DC51E9F}.Debug|Win32.Build.0 = Debug|Win32
		{10B810B6-2D0F-4544-A643-591A3DC51E9F}.Release|Win32.ActiveCfg = Release|Win32
		{10B810B6-2D0F-4544-A643-591A3DC51E9F}.Release|Win32.Build.0 = Release|Win32
	EndGlobalSection
	GlobalSection(SolutionProperties) = preSolution
		HideSolutionNode = FALSE
	EndGlobalSection
EndGlobal
